
Microsoft Visual Studio Solution File, Format Version 12.00
# Visual Studio 14
VisualStudioVersion = 14.0.23107.0
MinimumVisualStudioVersion = 10.0.40219.1
Project("{F184B08F-C81C-45F6-A57F-5ABD9991F28F}") = "App", "App\App.vbproj", "{655DC775-1655-49F2-BBD1-B758DA5F6CF4}"
EndProject
Global
	GlobalSection(SolutionConfigurationPlatforms) = preSolution
		Debug|Any CPU = Debug|Any CPU
		Release|Any CPU = Release|Any CPU
	EndGlobalSection
	GlobalSection(ProjectConfigurationPlatforms) = postSolution
		{655DC775-1655-49F2-BBD1-B758DA5F6CF4}.Debug|Any CPU.ActiveCfg = Debug|Any CPU
		{655DC775-1655-49F2-BBD1-B758DA5F6CF4}.Debug|Any CPU.Build.0 = Debug|Any CPU
		{655DC775-1655-49F2-BBD1-B758DA5F6CF4}.Release|Any CPU.ActiveCfg = Release|Any CPU
		{655DC775-1655-49F2-BBD1-B758DA5F6CF4}.Release|Any CPU.Build.0 = Release|Any CPU
	EndGlobalSection
	GlobalSection(SolutionProperties) = preSolution
		HideSolutionNode = FALSE
	EndGlobalSection
EndGlobal
